<Solution>
  <Configurations>
    <Platform Name="ARM64" />
    <Platform Name="x64" />
    <Platform Name="x86" />
  </Configurations>
  <Project Path="../AgenticBrowserAI/AgenticBrowserAI.csproj" Id="39ef6a69-84da-4928-8f82-997b17685aab" />
  <Project Path="StarAIAgentUI.csproj">
    <Platform Solution="*|ARM64" Project="ARM64" />
    <Platform Solution="*|x64" Project="x64" />
    <Platform Solution="*|x86" Project="x86" />
    <Deploy />
  </Project>
</Solution>
